
Microsoft Visual Studio Solution File, Format Version 12.00
# Visual Studio Version 17
VisualStudioVersion = 17.2.32602.215
MinimumVisualStudioVersion = 10.0.40219.1
Project("{8BC9CEB8-8B4A-11D0-8D11-00A0C91BC942}") = "Tipo_Double", "Tipo_Double\Tipo_Double.vcxproj", "{3860DCCB-9105-4EB0-AFC7-A8A3D55725FE}"
EndProject
Global
	GlobalSection(SolutionConfigurationPlatforms) = preSolution
		Debug|x64 = Debug|x64
		Debug|x86 = Debug|x86
		Release|x64 = Release|x64
		Release|x86 = Release|x86
	EndGlobalSection
	GlobalSection(ProjectConfigurationPlatforms) = postSolution
		{3860DCCB-9105-4EB0-AFC7-A8A3D55725FE}.Debug|x64.ActiveCfg = Debug|x64
		{3860DCCB-9105-4EB0-AFC7-A8A3D55725FE}.Debug|x64.Build.0 = Debug|x64
		{3860DCCB-9105-4EB0-AFC7-A8A3D55725FE}.Debug|x86.ActiveCfg = Debug|Win32
		{3860DCCB-9105-4EB0-AFC7-A8A3D55725FE}.Debug|x86.Build.0 = Debug|Win32
		{3860DCCB-9105-4EB0-AFC7-A8A3D55725FE}.Release|x64.ActiveCfg = Release|x64
		{3860DCCB-9105-4EB0-AFC7-A8A3D55725FE}.Release|x64.Build.0 = Release|x64
		{3860DCCB-9105-4EB0-AFC7-A8A3D55725FE}.Release|x86.ActiveCfg = Release|Win32
		{3860DCCB-9105-4EB0-AFC7-A8A3D55725FE}.Release|x86.Build.0 = Release|Win32
	EndGlobalSection
	GlobalSection(SolutionProperties) = preSolution
		HideSolutionNode = FALSE
	EndGlobalSection
	GlobalSection(ExtensibilityGlobals) = postSolution
		SolutionGuid = {D37601D6-AA2C-43E6-AED2-0E9DA9E0EF31}
	EndGlobalSection
EndGlobal
